
Microsoft Visual Studio Solution File, Format Version 12.00
# Visual Studio Version 17
VisualStudioVersion = 17.0.31903.59
MinimumVisualStudioVersion = 10.0.40219.1
Project("{FAE04EC0-301F-11D3-BF4B-00C04F79EFBC}") = "LibraryService", "LibraryService\LibraryService.csproj", "{5544D932-A1B6-49C1-AC17-E44C57CB8A1B}"
EndProject
Project("{9A19103F-16F7-4668-BE54-9A1E7A4F7556}") = "LibraryService.MVC", "LibraryService.MVC\LibraryService.MVC.csproj", "{39BD1B1C-B7D8-46FF-81D4-9BF9AE1777E8}"
EndProject
Project("{2150E333-8FDC-42A3-9474-1A3956D46DE8}") = "LibraryServiceProject", "LibraryServiceProject", "{FA9EBD03-C3DD-44D3-AEBA-85A59B49B5C2}"
EndProject
Project("{2150E333-8FDC-42A3-9474-1A3956D46DE8}") = "PumpServiceProject", "PumpServiceProject", "{2AA45CEA-3732-4B52-A71B-6C9543672E46}"
EndProject
Project("{FAE04EC0-301F-11D3-BF4B-00C04F79EFBC}") = "PumpService", "PumpService\PumpService.csproj", "{93F34125-40C1-436A-9E11-A891A49ADC00}"
EndProject
Project("{FAE04EC0-301F-11D3-BF4B-00C04F79EFBC}") = "PumpClient", "PumpClient\PumpClient.csproj", "{6E8806C1-12B7-48F7-8829-59AC899F6938}"
	ProjectSection(ProjectDependencies) = postProject
		{93F34125-40C1-436A-9E11-A891A49ADC00} = {93F34125-40C1-436A-9E11-A891A49ADC00}
	EndProjectSection
EndProject
Project("{2150E333-8FDC-42A3-9474-1A3956D46DE8}") = "WeatherServiceProject", "WeatherServiceProject", "{3E9C37ED-48E8-4255-BD2D-D6EC1AEADBFE}"
EndProject
Project("{9A19103F-16F7-4668-BE54-9A1E7A4F7556}") = "WeatherService", "WeatherService\WeatherService.csproj", "{7170780B-277A-4DD2-B354-AC7259B65F54}"
EndProject
Project("{9A19103F-16F7-4668-BE54-9A1E7A4F7556}") = "WeatherClient", "WeatherClient\WeatherClient.csproj", "{0F86A67F-773A-4B4F-9E01-6CA2781C0872}"
EndProject
Project("{FAE04EC0-301F-11D3-BF4B-00C04F79EFBC}") = "WeatherService.Storage", "WeatherService.Storage\WeatherService.Storage.csproj", "{95CD027C-542D-43B3-B792-B29335E8B54B}"
EndProject
Global
	GlobalSection(SolutionConfigurationPlatforms) = preSolution
		Debug|Any CPU = Debug|Any CPU
		Release|Any CPU = Release|Any CPU
	EndGlobalSection
	GlobalSection(ProjectConfigurationPlatforms) = postSolution
		{5544D932-A1B6-49C1-AC17-E44C57CB8A1B}.Debug|Any CPU.ActiveCfg = Debug|Any CPU
		{5544D932-A1B6-49C1-AC17-E44C57CB8A1B}.Debug|Any CPU.Build.0 = Debug|Any CPU
		{5544D932-A1B6-49C1-AC17-E44C57CB8A1B}.Release|Any CPU.ActiveCfg = Release|Any CPU
		{5544D932-A1B6-49C1-AC17-E44C57CB8A1B}.Release|Any CPU.Build.0 = Release|Any CPU
		{39BD1B1C-B7D8-46FF-81D4-9BF9AE1777E8}.Debug|Any CPU.ActiveCfg = Debug|Any CPU
		{39BD1B1C-B7D8-46FF-81D4-9BF9AE1777E8}.Debug|Any CPU.Build.0 = Debug|Any CPU
		{39BD1B1C-B7D8-46FF-81D4-9BF9AE1777E8}.Release|Any CPU.ActiveCfg = Release|Any CPU
		{39BD1B1C-B7D8-46FF-81D4-9BF9AE1777E8}.Release|Any CPU.Build.0 = Release|Any CPU
		{93F34125-40C1-436A-9E11-A891A49ADC00}.Debug|Any CPU.ActiveCfg = Debug|Any CPU
		{93F34125-40C1-436A-9E11-A891A49ADC00}.Debug|Any CPU.Build.0 = Debug|Any CPU
		{93F34125-40C1-436A-9E11-A891A49ADC00}.Release|Any CPU.ActiveCfg = Release|Any CPU
		{93F34125-40C1-436A-9E11-A891A49ADC00}.Release|Any CPU.Build.0 = Release|Any CPU
		{6E8806C1-12B7-48F7-8829-59AC899F6938}.Debug|Any CPU.ActiveCfg = Debug|Any CPU
		{6E8806C1-12B7-48F7-8829-59AC899F6938}.Debug|Any CPU.Build.0 = Debug|Any CPU
		{6E8806C1-12B7-48F7-8829-59AC899F6938}.Release|Any CPU.ActiveCfg = Release|Any CPU
		{6E8806C1-12B7-48F7-8829-59AC899F6938}.Release|Any CPU.Build.0 = Release|Any CPU
		{7170780B-277A-4DD2-B354-AC7259B65F54}.Debug|Any CPU.ActiveCfg = Debug|Any CPU
		{7170780B-277A-4DD2-B354-AC7259B65F54}.Debug|Any CPU.Build.0 = Debug|Any CPU
		{7170780B-277A-4DD2-B354-AC7259B65F54}.Release|Any CPU.ActiveCfg = Release|Any CPU
		{7170780B-277A-4DD2-B354-AC7259B65F54}.Release|Any CPU.Build.0 = Release|Any CPU
		{0F86A67F-773A-4B4F-9E01-6CA2781C0872}.Debug|Any CPU.ActiveCfg = Debug|Any CPU
		{0F86A67F-773A-4B4F-9E01-6CA2781C0872}.Debug|Any CPU.Build.0 = Debug|Any CPU
		{0F86A67F-773A-4B4F-9E01-6CA2781C0872}.Release|Any CPU.ActiveCfg = Release|Any CPU
		{0F86A67F-773A-4B4F-9E01-6CA2781C0872}.Release|Any CPU.Build.0 = Release|Any CPU
		{95CD027C-542D-43B3-B792-B29335E8B54B}.Debug|Any CPU.ActiveCfg = Debug|Any CPU
		{95CD027C-542D-43B3-B792-B29335E8B54B}.Debug|Any CPU.Build.0 = Debug|Any CPU
		{95CD027C-542D-43B3-B792-B29335E8B54B}.Release|Any CPU.ActiveCfg = Release|Any CPU
		{95CD027C-542D-43B3-B792-B29335E8B54B}.Release|Any CPU.Build.0 = Release|Any CPU
	EndGlobalSection
	GlobalSection(SolutionProperties) = preSolution
		HideSolutionNode = FALSE
	EndGlobalSection
	GlobalSection(NestedProjects) = preSolution
		{5544D932-A1B6-49C1-AC17-E44C57CB8A1B} = {FA9EBD03-C3DD-44D3-AEBA-85A59B49B5C2}
		{39BD1B1C-B7D8-46FF-81D4-9BF9AE1777E8} = {FA9EBD03-C3DD-44D3-AEBA-85A59B49B5C2}
		{93F34125-40C1-436A-9E11-A891A49ADC00} = {2AA45CEA-3732-4B52-A71B-6C9543672E46}
		{6E8806C1-12B7-48F7-8829-59AC899F6938} = {2AA45CEA-3732-4B52-A71B-6C9543672E46}
		{7170780B-277A-4DD2-B354-AC7259B65F54} = {3E9C37ED-48E8-4255-BD2D-D6EC1AEADBFE}
		{0F86A67F-773A-4B4F-9E01-6CA2781C0872} = {3E9C37ED-48E8-4255-BD2D-D6EC1AEADBFE}
		{95CD027C-542D-43B3-B792-B29335E8B54B} = {3E9C37ED-48E8-4255-BD2D-D6EC1AEADBFE}
	EndGlobalSection
	GlobalSection(ExtensibilityGlobals) = postSolution
		SolutionGuid = {83806ADD-166E-4AC3-BD9A-050E393D820A}
	EndGlobalSection
EndGlobal
